
Microsoft Visual Studio Solution File, Format Version 12.00
# Visual Studio Version 17
VisualStudioVersion = 17.4.33110.190
MinimumVisualStudioVersion = 10.0.40219.1
Project("{2150E333-8FDC-42A3-9474-1A3956D46DE8}") = "Infrastructure", "Infrastructure", "{B153F48C-65A7-4496-855A-4B28E722D5FA}"
EndProject
Project("{9A19103F-16F7-4668-BE54-9A1E7A4F7556}") = "Framework.Common", "Infrastructure\Framework.Common\Framework.Common.csproj", "{F9F48875-C709-41B8-ABF0-CE30791A2058}"
EndProject
Project("{9A19103F-16F7-4668-BE54-9A1E7A4F7556}") = "Framework.Core", "Infrastructure\Framework.Core\Framework.Core.csproj", "{CDBDCF1C-762F-4577-B021-0B652B5D71AA}"
EndProject
Project("{9A19103F-16F7-4668-BE54-9A1E7A4F7556}") = "Framework.WebCore", "Infrastructure\Framework.WebCore\Framework.WebCore.csproj", "{07D6CFC8-16ED-4226-90A1-456D3F724166}"
EndProject
Project("{9A19103F-16F7-4668-BE54-9A1E7A4F7556}") = "Framework.WechatPayCore", "Infrastructure\Framework.WechatPayCore\Framework.WechatPayCore.csproj", "{B42FF9ED-DB2A-457B-A8FD-303898E449C0}"
EndProject
Project("{9A19103F-16F7-4668-BE54-9A1E7A4F7556}") = "log4net.Kafka.Core", "Infrastructure\log4net.Kafka.Core\log4net.Kafka.Core.csproj", "{F69C5D37-04F6-4701-91F7-4DB1886CB4DC}"
EndProject
Project("{2150E333-8FDC-42A3-9474-1A3956D46DE8}") = "Microservice", "Microservice", "{85EA2B5A-1C51-4D00-B17B-BC2D66E5AC76}"
EndProject
Project("{2150E333-8FDC-42A3-9474-1A3956D46DE8}") = "BrandMicrosevice", "BrandMicrosevice", "{B3A129D3-B483-404D-AA78-B1587B855EE4}"
EndProject
Project("{2150E333-8FDC-42A3-9474-1A3956D46DE8}") = "UserMicroservice", "UserMicroservice", "{798BE252-2477-47DF-B262-9678DF40F6AA}"
EndProject
Project("{9A19103F-16F7-4668-BE54-9A1E7A4F7556}") = "BrandMicro.Interface", "BrandMicrosevice\Brand.Interface\BrandMicro.Interface.csproj", "{EF30F802-FB24-40FC-B196-52E451545296}"
EndProject
Project("{9A19103F-16F7-4668-BE54-9A1E7A4F7556}") = "BrandMicro.Model", "BrandMicrosevice\Brand.Model\BrandMicro.Model.csproj", "{3BDEA5EF-CC9A-4B69-BBB5-B53AB272BF0E}"
EndProject
Project("{9A19103F-16F7-4668-BE54-9A1E7A4F7556}") = "BrandMicro.Service", "BrandMicrosevice\Brand.Service\BrandMicro.Service.csproj", "{DCB04D1A-CA57-444F-B604-808A3A5A49D3}"
EndProject
Project("{9A19103F-16F7-4668-BE54-9A1E7A4F7556}") = "BrandMicro.WebApi", "BrandMicrosevice\Brand.WebApi\BrandMicro.WebApi.csproj", "{43378649-9480-4F3F-8334-62DCE88DDCD2}"
EndProject
Project("{9A19103F-16F7-4668-BE54-9A1E7A4F7556}") = "UserMicro.DTO", "UserMicroservice\User.DTOModel\UserMicro.DTO.csproj", "{F0DCBC3E-8E1F-4D54-BC63-C2522EA7048E}"
EndProject
Project("{9A19103F-16F7-4668-BE54-9A1E7A4F7556}") = "UserMicro.Interface", "UserMicroservice\User.Interface\UserMicro.Interface.csproj", "{8871BFB9-AAB6-411B-8F45-8235C8EF1799}"
EndProject
Project("{9A19103F-16F7-4668-BE54-9A1E7A4F7556}") = "UserMicro.Model", "UserMicroservice\User.Model\UserMicro.Model.csproj", "{E67A1D9E-14AB-4396-968D-B698C039A530}"
EndProject
Project("{9A19103F-16F7-4668-BE54-9A1E7A4F7556}") = "UserMicro.Service", "UserMicroservice\User.Service\UserMicro.Service.csproj", "{C33580A2-71CF-4204-80EE-0035562FAEEE}"
EndProject
Project("{9A19103F-16F7-4668-BE54-9A1E7A4F7556}") = "UserMicro.WebApi", "UserMicroservice\User.WebApi\UserMicro.WebApi.csproj", "{964AD27B-7730-435F-89E2-15A82E7D6FA7}"
EndProject
Project("{9A19103F-16F7-4668-BE54-9A1E7A4F7556}") = "BrandMicro.DTO", "BrandMicrosevice\BrandMicro.DTO\BrandMicro.DTO.csproj", "{6E826D49-8FA3-41F0-9FD7-34D031D53636}"
EndProject
Global
	GlobalSection(SolutionConfigurationPlatforms) = preSolution
		Debug|Any CPU = Debug|Any CPU
		Release|Any CPU = Release|Any CPU
	EndGlobalSection
	GlobalSection(ProjectConfigurationPlatforms) = postSolution
		{F9F48875-C709-41B8-ABF0-CE30791A2058}.Debug|Any CPU.ActiveCfg = Debug|Any CPU
		{F9F48875-C709-41B8-ABF0-CE30791A2058}.Debug|Any CPU.Build.0 = Debug|Any CPU
		{F9F48875-C709-41B8-ABF0-CE30791A2058}.Release|Any CPU.ActiveCfg = Release|Any CPU
		{F9F48875-C709-41B8-ABF0-CE30791A2058}.Release|Any CPU.Build.0 = Release|Any CPU
		{CDBDCF1C-762F-4577-B021-0B652B5D71AA}.Debug|Any CPU.ActiveCfg = Debug|Any CPU
		{CDBDCF1C-762F-4577-B021-0B652B5D71AA}.Debug|Any CPU.Build.0 = Debug|Any CPU
		{CDBDCF1C-762F-4577-B021-0B652B5D71AA}.Release|Any CPU.ActiveCfg = Release|Any CPU
		{CDBDCF1C-762F-4577-B021-0B652B5D71AA}.Release|Any CPU.Build.0 = Release|Any CPU
		{07D6CFC8-16ED-4226-90A1-456D3F724166}.Debug|Any CPU.ActiveCfg = Debug|Any CPU
		{07D6CFC8-16ED-4226-90A1-456D3F724166}.Debug|Any CPU.Build.0 = Debug|Any CPU
		{07D6CFC8-16ED-4226-90A1-456D3F724166}.Release|Any CPU.ActiveCfg = Release|Any CPU
		{07D6CFC8-16ED-4226-90A1-456D3F724166}.Release|Any CPU.Build.0 = Release|Any CPU
		{B42FF9ED-DB2A-457B-A8FD-303898E449C0}.Debug|Any CPU.ActiveCfg = Debug|Any CPU
		{B42FF9ED-DB2A-457B-A8FD-303898E449C0}.Debug|Any CPU.Build.0 = Debug|Any CPU
		{B42FF9ED-DB2A-457B-A8FD-303898E449C0}.Release|Any CPU.ActiveCfg = Release|Any CPU
		{B42FF9ED-DB2A-457B-A8FD-303898E449C0}.Release|Any CPU.Build.0 = Release|Any CPU
		{F69C5D37-04F6-4701-91F7-4DB1886CB4DC}.Debug|Any CPU.ActiveCfg = Debug|Any CPU
		{F69C5D37-04F6-4701-91F7-4DB1886CB4DC}.Debug|Any CPU.Build.0 = Debug|Any CPU
		{F69C5D37-04F6-4701-91F7-4DB1886CB4DC}.Release|Any CPU.ActiveCfg = Release|Any CPU
		{F69C5D37-04F6-4701-91F7-4DB1886CB4DC}.Release|Any CPU.Build.0 = Release|Any CPU
		{EF30F802-FB24-40FC-B196-52E451545296}.Debug|Any CPU.ActiveCfg = Debug|Any CPU
		{EF30F802-FB24-40FC-B196-52E451545296}.Debug|Any CPU.Build.0 = Debug|Any CPU
		{EF30F802-FB24-40FC-B196-52E451545296}.Release|Any CPU.ActiveCfg = Release|Any CPU
		{EF30F802-FB24-40FC-B196-52E451545296}.Release|Any CPU.Build.0 = Release|Any CPU
		{3BDEA5EF-CC9A-4B69-BBB5-B53AB272BF0E}.Debug|Any CPU.ActiveCfg = Debug|Any CPU
		{3BDEA5EF-CC9A-4B69-BBB5-B53AB272BF0E}.Debug|Any CPU.Build.0 = Debug|Any CPU
		{3BDEA5EF-CC9A-4B69-BBB5-B53AB272BF0E}.Release|Any CPU.ActiveCfg = Release|Any CPU
		{3BDEA5EF-CC9A-4B69-BBB5-B53AB272BF0E}.Release|Any CPU.Build.0 = Release|Any CPU
		{DCB04D1A-CA57-444F-B604-808A3A5A49D3}.Debug|Any CPU.ActiveCfg = Debug|Any CPU
		{DCB04D1A-CA57-444F-B604-808A3A5A49D3}.Debug|Any CPU.Build.0 = Debug|Any CPU
		{DCB04D1A-CA57-444F-B604-808A3A5A49D3}.Release|Any CPU.ActiveCfg = Release|Any CPU
		{DCB04D1A-CA57-444F-B604-808A3A5A49D3}.Release|Any CPU.Build.0 = Release|Any CPU
		{43378649-9480-4F3F-8334-62DCE88DDCD2}.Debug|Any CPU.ActiveCfg = Debug|Any CPU
		{43378649-9480-4F3F-8334-62DCE88DDCD2}.Debug|Any CPU.Build.0 = Debug|Any CPU
		{43378649-9480-4F3F-8334-62DCE88DDCD2}.Release|Any CPU.ActiveCfg = Release|Any CPU
		{43378649-9480-4F3F-8334-62DCE88DDCD2}.Release|Any CPU.Build.0 = Release|Any CPU
		{F0DCBC3E-8E1F-4D54-BC63-C2522EA7048E}.Debug|Any CPU.ActiveCfg = Debug|Any CPU
		{F0DCBC3E-8E1F-4D54-BC63-C2522EA7048E}.Debug|Any CPU.Build.0 = Debug|Any CPU
		{F0DCBC3E-8E1F-4D54-BC63-C2522EA7048E}.Release|Any CPU.ActiveCfg = Release|Any CPU
		{F0DCBC3E-8E1F-4D54-BC63-C2522EA7048E}.Release|Any CPU.Build.0 = Release|Any CPU
		{8871BFB9-AAB6-411B-8F45-8235C8EF1799}.Debug|Any CPU.ActiveCfg = Debug|Any CPU
		{8871BFB9-AAB6-411B-8F45-8235C8EF1799}.Debug|Any CPU.Build.0 = Debug|Any CPU
		{8871BFB9-AAB6-411B-8F45-8235C8EF1799}.Release|Any CPU.ActiveCfg = Release|Any CPU
		{8871BFB9-AAB6-411B-8F45-8235C8EF1799}.Release|Any CPU.Build.0 = Release|Any CPU
		{E67A1D9E-14AB-4396-968D-B698C039A530}.Debug|Any CPU.ActiveCfg = Debug|Any CPU
		{E67A1D9E-14AB-4396-968D-B698C039A530}.Debug|Any CPU.Build.0 = Debug|Any CPU
		{E67A1D9E-14AB-4396-968D-B698C039A530}.Release|Any CPU.ActiveCfg = Release|Any CPU
		{E67A1D9E-14AB-4396-968D-B698C039A530}.Release|Any CPU.Build.0 = Release|Any CPU
		{C33580A2-71CF-4204-80EE-0035562FAEEE}.Debug|Any CPU.ActiveCfg = Debug|Any CPU
		{C33580A2-71CF-4204-80EE-0035562FAEEE}.Debug|Any CPU.Build.0 = Debug|Any CPU
		{C33580A2-71CF-4204-80EE-0035562FAEEE}.Release|Any CPU.ActiveCfg = Release|Any CPU
		{C33580A2-71CF-4204-80EE-0035562FAEEE}.Release|Any CPU.Build.0 = Release|Any CPU
		{964AD27B-7730-435F-89E2-15A82E7D6FA7}.Debug|Any CPU.ActiveCfg = Debug|Any CPU
		{964AD27B-7730-435F-89E2-15A82E7D6FA7}.Debug|Any CPU.Build.0 = Debug|Any CPU
		{964AD27B-7730-435F-89E2-15A82E7D6FA7}.Release|Any CPU.ActiveCfg = Release|Any CPU
		{964AD27B-7730-435F-89E2-15A82E7D6FA7}.Release|Any CPU.Build.0 = Release|Any CPU
		{6E826D49-8FA3-41F0-9FD7-34D031D53636}.Debug|Any CPU.ActiveCfg = Debug|Any CPU
		{6E826D49-8FA3-41F0-9FD7-34D031D53636}.Debug|Any CPU.Build.0 = Debug|Any CPU
		{6E826D49-8FA3-41F0-9FD7-34D031D53636}.Release|Any CPU.ActiveCfg = Release|Any CPU
		{6E826D49-8FA3-41F0-9FD7-34D031D53636}.Release|Any CPU.Build.0 = Release|Any CPU
	EndGlobalSection
	GlobalSection(SolutionProperties) = preSolution
		HideSolutionNode = FALSE
	EndGlobalSection
	GlobalSection(NestedProjects) = preSolution
		{F9F48875-C709-41B8-ABF0-CE30791A2058} = {B153F48C-65A7-4496-855A-4B28E722D5FA}
		{CDBDCF1C-762F-4577-B021-0B652B5D71AA} = {B153F48C-65A7-4496-855A-4B28E722D5FA}
		{07D6CFC8-16ED-4226-90A1-456D3F724166} = {B153F48C-65A7-4496-855A-4B28E722D5FA}
		{B42FF9ED-DB2A-457B-A8FD-303898E449C0} = {B153F48C-65A7-4496-855A-4B28E722D5FA}
		{F69C5D37-04F6-4701-91F7-4DB1886CB4DC} = {B153F48C-65A7-4496-855A-4B28E722D5FA}
		{B3A129D3-B483-404D-AA78-B1587B855EE4} = {85EA2B5A-1C51-4D00-B17B-BC2D66E5AC76}
		{798BE252-2477-47DF-B262-9678DF40F6AA} = {85EA2B5A-1C51-4D00-B17B-BC2D66E5AC76}
		{EF30F802-FB24-40FC-B196-52E451545296} = {B3A129D3-B483-404D-AA78-B1587B855EE4}
		{3BDEA5EF-CC9A-4B69-BBB5-B53AB272BF0E} = {B3A129D3-B483-404D-AA78-B1587B855EE4}
		{DCB04D1A-CA57-444F-B604-808A3A5A49D3} = {B3A129D3-B483-404D-AA78-B1587B855EE4}
		{43378649-9480-4F3F-8334-62DCE88DDCD2} = {B3A129D3-B483-404D-AA78-B1587B855EE4}
		{F0DCBC3E-8E1F-4D54-BC63-C2522EA7048E} = {798BE252-2477-47DF-B262-9678DF40F6AA}
		{8871BFB9-AAB6-411B-8F45-8235C8EF1799} = {798BE252-2477-47DF-B262-9678DF40F6AA}
		{E67A1D9E-14AB-4396-968D-B698C039A530} = {798BE252-2477-47DF-B262-9678DF40F6AA}
		{C33580A2-71CF-4204-80EE-0035562FAEEE} = {798BE252-2477-47DF-B262-9678DF40F6AA}
		{964AD27B-7730-435F-89E2-15A82E7D6FA7} = {798BE252-2477-47DF-B262-9678DF40F6AA}
		{6E826D49-8FA3-41F0-9FD7-34D031D53636} = {B3A129D3-B483-404D-AA78-B1587B855EE4}
	EndGlobalSection
	GlobalSection(ExtensibilityGlobals) = postSolution
		SolutionGuid = {B91DE1B5-21C2-449D-964A-304618A44416}
	EndGlobalSection
EndGlobal
