
Microsoft Visual Studio Solution File, Format Version 12.00
# Visual Studio Version 17
VisualStudioVersion = 17.4.33110.190
MinimumVisualStudioVersion = 10.0.40219.1
Project("{FAE04EC0-301F-11D3-BF4B-00C04F79EFBC}") = "Brand.WebApi", "Brand.WebApi\Brand.WebApi.csproj", "{7D516752-210E-4662-8591-FB5487A9E322}"
EndProject
Project("{FAE04EC0-301F-11D3-BF4B-00C04F79EFBC}") = "Brand.DTOModel", "Brand.DTOModel\Brand.DTOModel.csproj", "{D5D9B324-8FCC-47F3-BB3D-DD13387E04C5}"
EndProject
Project("{FAE04EC0-301F-11D3-BF4B-00C04F79EFBC}") = "Brand.Interface", "Brand.Interface\Brand.Interface.csproj", "{D8EC73FA-890E-4A2C-8B73-475E2AC00263}"
EndProject
Project("{FAE04EC0-301F-11D3-BF4B-00C04F79EFBC}") = "Brand.Model", "Brand.Model\Brand.Model.csproj", "{83EE8AA7-7580-4834-AE26-A41AAA35D654}"
EndProject
Project("{FAE04EC0-301F-11D3-BF4B-00C04F79EFBC}") = "Brand.Service", "Brand.Service\Brand.Service.csproj", "{9C043AA5-5F58-452F-99E6-FE464FA808E3}"
EndProject
Global
	GlobalSection(SolutionConfigurationPlatforms) = preSolution
		Debug|Any CPU = Debug|Any CPU
		Release|Any CPU = Release|Any CPU
	EndGlobalSection
	GlobalSection(ProjectConfigurationPlatforms) = postSolution
		{7D516752-210E-4662-8591-FB5487A9E322}.Debug|Any CPU.ActiveCfg = Debug|Any CPU
		{7D516752-210E-4662-8591-FB5487A9E322}.Debug|Any CPU.Build.0 = Debug|Any CPU
		{7D516752-210E-4662-8591-FB5487A9E322}.Release|Any CPU.ActiveCfg = Release|Any CPU
		{7D516752-210E-4662-8591-FB5487A9E322}.Release|Any CPU.Build.0 = Release|Any CPU
		{D5D9B324-8FCC-47F3-BB3D-DD13387E04C5}.Debug|Any CPU.ActiveCfg = Debug|Any CPU
		{D5D9B324-8FCC-47F3-BB3D-DD13387E04C5}.Debug|Any CPU.Build.0 = Debug|Any CPU
		{D5D9B324-8FCC-47F3-BB3D-DD13387E04C5}.Release|Any CPU.ActiveCfg = Release|Any CPU
		{D5D9B324-8FCC-47F3-BB3D-DD13387E04C5}.Release|Any CPU.Build.0 = Release|Any CPU
		{D8EC73FA-890E-4A2C-8B73-475E2AC00263}.Debug|Any CPU.ActiveCfg = Debug|Any CPU
		{D8EC73FA-890E-4A2C-8B73-475E2AC00263}.Debug|Any CPU.Build.0 = Debug|Any CPU
		{D8EC73FA-890E-4A2C-8B73-475E2AC00263}.Release|Any CPU.ActiveCfg = Release|Any CPU
		{D8EC73FA-890E-4A2C-8B73-475E2AC00263}.Release|Any CPU.Build.0 = Release|Any CPU
		{83EE8AA7-7580-4834-AE26-A41AAA35D654}.Debug|Any CPU.ActiveCfg = Debug|Any CPU
		{83EE8AA7-7580-4834-AE26-A41AAA35D654}.Debug|Any CPU.Build.0 = Debug|Any CPU
		{83EE8AA7-7580-4834-AE26-A41AAA35D654}.Release|Any CPU.ActiveCfg = Release|Any CPU
		{83EE8AA7-7580-4834-AE26-A41AAA35D654}.Release|Any CPU.Build.0 = Release|Any CPU
		{9C043AA5-5F58-452F-99E6-FE464FA808E3}.Debug|Any CPU.ActiveCfg = Debug|Any CPU
		{9C043AA5-5F58-452F-99E6-FE464FA808E3}.Debug|Any CPU.Build.0 = Debug|Any CPU
		{9C043AA5-5F58-452F-99E6-FE464FA808E3}.Release|Any CPU.ActiveCfg = Release|Any CPU
		{9C043AA5-5F58-452F-99E6-FE464FA808E3}.Release|Any CPU.Build.0 = Release|Any CPU
	EndGlobalSection
	GlobalSection(SolutionProperties) = preSolution
		HideSolutionNode = FALSE
	EndGlobalSection
	GlobalSection(ExtensibilityGlobals) = postSolution
		SolutionGuid = {27CD6EDE-2115-4B3C-8C69-B40DA2E5EAD9}
	EndGlobalSection
EndGlobal
